// !$*UTF8*$!
{
	archiveVersion = 1;
	classes = {
	};
	objectVersion = 56;
	objects = {

/* Begin PBXBuildFile section */
		087A80CA298AA4DA005209E1 /* TCATodosApp.swift in Sources */ = {isa = PBXBuildFile; fileRef = 087A80C9298AA4DA005209E1 /* TCATodosApp.swift */; };
		087A80CC298AA4DA005209E1 /* ContentView.swift in Sources */ = {isa = PBXBuildFile; fileRef = 087A80CB298AA4DA005209E1 /* ContentView.swift */; };
		087A80CE298AA4DB005209E1 /* Assets.xcassets in Resources */ = {isa = PBXBuildFile; fileRef = 087A80CD298AA4DB005209E1 /* Assets.xcassets */; };
		087A80D1298AA4DB005209E1 /* Preview Assets.xcassets in Resources */ = {isa = PBXBuildFile; fileRef = 087A80D0298AA4DB005209E1 /* Preview Assets.xcassets */; };
		087A80DE298AA52E005209E1 /* TCATodosTests.swift in Sources */ = {isa = PBXBuildFile; fileRef = 087A80DD298AA52E005209E1 /* TCATodosTests.swift */; };
		087A80E6298AA60A005209E1 /* ComposableArchitecture in Frameworks */ = {isa = PBXBuildFile; productRef = 087A80E5298AA60A005209E1 /* ComposableArchitecture */; };
/* End PBXBuildFile section */

/* Begin PBXContainerItemProxy section */
		087A80DF298AA52E005209E1 /* PBXContainerItemProxy */ = {
			isa = PBXContainerItemProxy;
			containerPortal = 087A80BE298AA4DA005209E1 /* Project object */;
			proxyType = 1;
			remoteGlobalIDString = 087A80C5298AA4DA005209E1;
			remoteInfo = TCATodos;
		};
/* End PBXContainerItemProxy section */

/* Begin PBXFileReference section */
		087A80C6298AA4DA005209E1 /* TCATodos.app */ = {isa = PBXFileReference; explicitFileType = wrapper.application; includeInIndex = 0; path = TCATodos.app; sourceTree = BUILT_PRODUCTS_DIR; };
		087A80C9298AA4DA005209E1 /* TCATodosApp.swift */ = {isa = PBXFileReference; lastKnownFileType = sourcecode.swift; path = TCATodosApp.swift; sourceTree = "<group>"; };
		087A80CB298AA4DA005209E1 /* ContentView.swift */ = {isa = PBXFileReference; lastKnownFileType = sourcecode.swift; path = ContentView.swift; sourceTree = "<group>"; };
		087A80CD298AA4DB005209E1 /* Assets.xcassets */ = {isa = PBXFileReference; lastKnownFileType = folder.assetcatalog; path = Assets.xcassets; sourceTree = "<group>"; };
		087A80D0298AA4DB005209E1 /* Preview Assets.xcassets */ = {isa = PBXFileReference; lastKnownFileType = folder.assetcatalog; path = "Preview Assets.xcassets"; sourceTree = "<group>"; };
		087A80DB298AA52E005209E1 /* TCATodosTests.xctest */ = {isa = PBXFileReference; explicitFileType = wrapper.cfbundle; includeInIndex = 0; path = TCATodosTests.xctest; sourceTree = BUILT_PRODUCTS_DIR; };
		087A80DD298AA52E005209E1 /* TCATodosTests.swift */ = {isa = PBXFileReference; lastKnownFileType = sourcecode.swift; path = TCATodosTests.swift; sourceTree = "<group>"; };
/* End PBXFileReference section */

/* Begin PBXFrameworksBuildPhase section */
		087A80C3298AA4DA005209E1 /* Frameworks */ = {
			isa = PBXFrameworksBuildPhase;
			buildActionMask = 2147483647;
			files = (
				087A80E6298AA60A005209E1 /* ComposableArchitecture in Frameworks */,
			);
			runOnlyForDeploymentPostprocessing = 0;
		};
		087A80D8298AA52E005209E1 /* Frameworks */ = {
			isa = PBXFrameworksBuildPhase;
			buildActionMask = 2147483647;
			files = (
			);
			runOnlyForDeploymentPostprocessing = 0;
		};
/* End PBXFrameworksBuildPhase section */

/* Begin PBXGroup section */
		087A80BD298AA4DA005209E1 = {
			isa = PBXGroup;
			children = (
				087A80C8298AA4DA005209E1 /* TCATodos */,
				087A80DC298AA52E005209E1 /* TCATodosTests */,
				087A80C7298AA4DA005209E1 /* Products */,
			);
			sourceTree = "<group>";
		};
		087A80C7298AA4DA005209E1 /* Products */ = {
			isa = PBXGroup;
			children = (
				087A80C6298AA4DA005209E1 /* TCATodos.app */,
				087A80DB298AA52E005209E1 /* TCATodosTests.xctest */,
			);
			name = Products;
			sourceTree = "<group>";
		};
		087A80C8298AA4DA005209E1 /* TCATodos */ = {
			isa = PBXGroup;
			children = (
				087A80C9298AA4DA005209E1 /* TCATodosApp.swift */,
				087A80CB298AA4DA005209E1 /* ContentView.swift */,
				087A80CD298AA4DB005209E1 /* Assets.xcassets */,
				087A80CF298AA4DB005209E1 /* Preview Content */,
			);
			path = TCATodos;
			sourceTree = "<group>";
		};
		087A80CF298AA4DB005209E1 /* Preview Content */ = {
			isa = PBXGroup;
			children = (
				087A80D0298AA4DB005209E1 /* Preview Assets.xcassets */,
			);
			path = "Preview Content";
			sourceTree = "<group>";
		};
		087A80DC298AA52E005209E1 /* TCATodosTests */ = {
			isa = PBXGroup;
			children = (
				087A80DD298AA52E005209E1 /* TCATodosTests.swift */,
			);
			path = TCATodosTests;
			sourceTree = "<group>";
		};
/* End PBXGroup section */

/* Begin PBXNativeTarget section */
		087A80C5298AA4DA005209E1 /* TCATodos */ = {
			isa = PBXNativeTarget;
			buildConfigurationList = 087A80D4298AA4DB005209E1 /* Build configuration list for PBXNativeTarget "TCATodos" */;
			buildPhases = (
				087A80C2298AA4DA005209E1 /* Sources */,
				087A80C3298AA4DA005209E1 /* Frameworks */,
				087A80C4298AA4DA005209E1 /* Resources */,
			);
			buildRules = (
			);
			dependencies = (
			);
			name = TCATodos;
			packageProductDependencies = (
				087A80E5298AA60A005209E1 /* ComposableArchitecture */,
			);
			productName = TCATodos;
			productReference = 087A80C6298AA4DA005209E1 /* TCATodos.app */;
			productType = "com.apple.product-type.application";
		};
		087A80DA298AA52E005209E1 /* TCATodosTests */ = {
			isa = PBXNativeTarget;
			buildConfigurationList = 087A80E1298AA52E005209E1 /* Build configuration list for PBXNativeTarget "TCATodosTests" */;
			buildPhases = (
				087A80D7298AA52E005209E1 /* Sources */,
				087A80D8298AA52E005209E1 /* Frameworks */,
				087A80D9298AA52E005209E1 /* Resources */,
			);
			buildRules = (
			);
			dependencies = (
				087A80E0298AA52E005209E1 /* PBXTargetDependency */,
			);
			name = TCATodosTests;
			productName = TCATodosTests;
			productReference = 087A80DB298AA52E005209E1 /* TCATodosTests.xctest */;
			productType = "com.apple.product-type.bundle.unit-test";
		};
/* End PBXNativeTarget section */

/* Begin PBXProject section */
		087A80BE298AA4DA005209E1 /* Project object */ = {
			isa = PBXProject;
			attributes = {
				BuildIndependentTargetsInParallel = 1;
				LastSwiftUpdateCheck = 1420;
				LastUpgradeCheck = 1420;
				TargetAttributes = {
					087A80C5298AA4DA005209E1 = {
						CreatedOnToolsVersion = 14.2;
					};
					087A80DA298AA52E005209E1 = {
						CreatedOnToolsVersion = 14.2;
						TestTargetID = 087A80C5298AA4DA005209E1;
					};
				};
			};
			buildConfigurationList = 087A80C1298AA4DA005209E1 /* Build configuration list for PBXProject "TCATodos" */;
			compatibilityVersion = "Xcode 14.0";
			developmentRegion = en;
			hasScannedForEncodings = 0;
			knownRegions = (
				en,
				Base,
			);
			mainGroup = 087A80BD298AA4DA005209E1;
			packageReferences = (
				087A80E4298AA60A005209E1 /* XCRemoteSwiftPackageReference "swift-composable-architecture" */,
			);
			productRefGroup = 087A80C7298AA4DA005209E1 /* Products */;
			projectDirPath = "";
			projectRoot = "";
			targets = (
				087A80C5298AA4DA005209E1 /* TCATodos */,
				087A80DA298AA52E005209E1 /* TCATodosTests */,
			);
		};
/* End PBXProject section */

/* Begin PBXResourcesBuildPhase section */
		087A80C4298AA4DA005209E1 /* Resources */ = {
			isa = PBXResourcesBuildPhase;
			buildActionMask = 2147483647;
			files = (
				087A80D1298AA4DB005209E1 /* Preview Assets.xcassets in Resources */,
				087A80CE298AA4DB005209E1 /* Assets.xcassets in Resources */,
			);
			runOnlyForDeploymentPostprocessing = 0;
		};
		087A80D9298AA52E005209E1 /* Resources */ = {
			isa = PBXResourcesBuildPhase;
			buildActionMask = 2147483647;
			files = (
			);
			runOnlyForDeploymentPostprocessing = 0;
		};
/* End PBXResourcesBuildPhase section */

/* Begin PBXSourcesBuildPhase section */
		087A80C2298AA4DA005209E1 /* Sources */ = {
			isa = PBXSourcesBuildPhase;
			buildActionMask = 2147483647;
			files = (
				087A80CC298AA4DA005209E1 /* ContentView.swift in Sources */,
				087A80CA298AA4DA005209E1 /* TCATodosApp.swift in Sources */,
			);
			runOnlyForDeploymentPostprocessing = 0;
		};
		087A80D7298AA52E005209E1 /* Sources */ = {
			isa = PBXSourcesBuildPhase;
			buildActionMask = 2147483647;
			files = (
				087A80DE298AA52E005209E1 /* TCATodosTests.swift in Sources */,
			);
			runOnlyForDeploymentPostprocessing = 0;
		};
/* End PBXSourcesBuildPhase section */

/* Begin PBXTargetDependency section */
		087A80E0298AA52E005209E1 /* PBXTargetDependency */ = {
			isa = PBXTargetDependency;
			target = 087A80C5298AA4DA005209E1 /* TCATodos */;
			targetProxy = 087A80DF298AA52E005209E1 /* PBXContainerItemProxy */;
		};
/* End PBXTargetDependency section */

/* Begin XCBuildConfiguration section */
		087A80D2298AA4DB005209E1 /* Debug */ = {
			isa = XCBuildConfiguration;
			buildSettings = {
				ALWAYS_SEARCH_USER_PATHS = NO;
				CLANG_ANALYZER_NONNULL = YES;
				CLANG_ANALYZER_NUMBER_OBJECT_CONVERSION = YES_AGGRESSIVE;
				CLANG_CXX_LANGUAGE_STANDARD = "gnu++20";
				CLANG_ENABLE_MODULES = YES;
				CLANG_ENABLE_OBJC_ARC = YES;
				CLANG_ENABLE_OBJC_WEAK = YES;
				CLANG_WARN_BLOCK_CAPTURE_AUTORELEASING = YES;
				CLANG_WARN_BOOL_CONVERSION = YES;
				CLANG_WARN_COMMA = YES;
				CLANG_WARN_CONSTANT_CONVERSION = YES;
				CLANG_WARN_DEPRECATED_OBJC_IMPLEMENTATIONS = YES;
				CLANG_WARN_DIRECT_OBJC_ISA_USAGE = YES_ERROR;
				CLANG_WARN_DOCUMENTATION_COMMENTS = YES;
				CLANG_WARN_EMPTY_BODY = YES;
				CLANG_WARN_ENUM_CONVERSION = YES;
				CLANG_WARN_INFINITE_RECURSION = YES;
				CLANG_WARN_INT_CONVERSION = YES;
				CLANG_WARN_NON_LITERAL_NULL_CONVERSION = YES;
				CLANG_WARN_OBJC_IMPLICIT_RETAIN_SELF = YES;
				CLANG_WARN_OBJC_LITERAL_CONVERSION = YES;
				CLANG_WARN_OBJC_ROOT_CLASS = YES_ERROR;
				CLANG_WARN_QUOTED_INCLUDE_IN_FRAMEWORK_HEADER = YES;
				CLANG_WARN_RANGE_LOOP_ANALYSIS = YES;
				CLANG_WARN_STRICT_PROTOTYPES = YES;
				CLANG_WARN_SUSPICIOUS_MOVE = YES;
				CLANG_WARN_UNGUARDED_AVAILABILITY = YES_AGGRESSIVE;
				CLANG_WARN_UNREACHABLE_CODE = YES;
				CLANG_WARN__DUPLICATE_METHOD_MATCH = YES;
				COPY_PHASE_STRIP = NO;
				DEBUG_INFORMATION_FORMAT = dwarf;
				ENABLE_STRICT_OBJC_MSGSEND = YES;
				ENABLE_TESTABILITY = YES;
				GCC_C_LANGUAGE_STANDARD = gnu11;
				GCC_DYNAMIC_NO_PIC = NO;
				GCC_NO_COMMON_BLOCKS = YES;
				GCC_OPTIMIZATION_LEVEL = 0;
				GCC_PREPROCESSOR_DEFINITIONS = (
					"DEBUG=1",
					"$(inherited)",
				);
				GCC_WARN_64_TO_32_BIT_CONVERSION = YES;
				GCC_WARN_ABOUT_RETURN_TYPE = YES_ERROR;
				GCC_WARN_UNDECLARED_SELECTOR = YES;
				GCC_WARN_UNINITIALIZED_AUTOS = YES_AGGRESSIVE;
				GCC_WARN_UNUSED_FUNCTION = YES;
				GCC_WARN_UNUSED_VARIABLE = YES;
				IPHONEOS_DEPLOYMENT_TARGET = 16.2;
				MTL_ENABLE_DEBUG_INFO = INCLUDE_SOURCE;
				MTL_FAST_MATH = YES;
				ONLY_ACTIVE_ARCH = YES;
				SDKROOT = iphoneos;
				SWIFT_ACTIVE_COMPILATION_CONDITIONS = DEBUG;
				SWIFT_OPTIMIZATION_LEVEL = "-Onone";
			};
			name = Debug;
		};
		087A80D3298AA4DB005209E1 /* Release */ = {
			isa = XCBuildConfiguration;
			buildSettings = {
				ALWAYS_SEARCH_USER_PATHS = NO;
				CLANG_ANALYZER_NONNULL = YES;
				CLANG_ANALYZER_NUMBER_OBJECT_CONVERSION = YES_AGGRESSIVE;
				CLANG_CXX_LANGUAGE_STANDARD = "gnu++20";
				CLANG_ENABLE_MODULES = YES;
				CLANG_ENABLE_OBJC_ARC = YES;
				CLANG_ENABLE_OBJC_WEAK = YES;
				CLANG_WARN_BLOCK_CAPTURE_AUTORELEASING = YES;
				CLANG_WARN_BOOL_CONVERSION = YES;
				CLANG_WARN_COMMA = YES;
				CLANG_WARN_CONSTANT_CONVERSION = YES;
				CLANG_WARN_DEPRECATED_OBJC_IMPLEMENTATIONS = YES;
				CLANG_WARN_DIRECT_OBJC_ISA_USAGE = YES_ERROR;
				CLANG_WARN_DOCUMENTATION_COMMENTS = YES;
				CLANG_WARN_EMPTY_BODY = YES;
				CLANG_WARN_ENUM_CONVERSION = YES;
				CLANG_WARN_INFINITE_RECURSION = YES;
				CLANG_WARN_INT_CONVERSION = YES;
				CLANG_WARN_NON_LITERAL_NULL_CONVERSION = YES;
				CLANG_WARN_OBJC_IMPLICIT_RETAIN_SELF = YES;
				CLANG_WARN_OBJC_LITERAL_CONVERSION = YES;
				CLANG_WARN_OBJC_ROOT_CLASS = YES_ERROR;
				CLANG_WARN_QUOTED_INCLUDE_IN_FRAMEWORK_HEADER = YES;
				CLANG_WARN_RANGE_LOOP_ANALYSIS = YES;
				CLANG_WARN_STRICT_PROTOTYPES = YES;
				CLANG_WARN_SUSPICIOUS_MOVE = YES;
				CLANG_WARN_UNGUARDED_AVAILABILITY = YES_AGGRESSIVE;
				CLANG_WARN_UNREACHABLE_CODE = YES;
				CLANG_WARN__DUPLICATE_METHOD_MATCH = YES;
				COPY_PHASE_STRIP = NO;
				DEBUG_INFORMATION_FORMAT = "dwarf-with-dsym";
				ENABLE_NS_ASSERTIONS = NO;
				ENABLE_STRICT_OBJC_MSGSEND = YES;
				GCC_C_LANGUAGE_STANDARD = gnu11;
				GCC_NO_COMMON_BLOCKS = YES;
				GCC_WARN_64_TO_32_BIT_CONVERSION = YES;
				GCC_WARN_ABOUT_RETURN_TYPE = YES_ERROR;
				GCC_WARN_UNDECLARED_SELECTOR = YES;
				GCC_WARN_UNINITIALIZED_AUTOS = YES_AGGRESSIVE;
				GCC_WARN_UNUSED_FUNCTION = YES;
				GCC_WARN_UNUSED_VARIABLE = YES;
				IPHONEOS_DEPLOYMENT_TARGET = 16.2;
				MTL_ENABLE_DEBUG_INFO = NO;
				MTL_FAST_MATH = YES;
				SDKROOT = iphoneos;
				SWIFT_COMPILATION_MODE = wholemodule;
				SWIFT_OPTIMIZATION_LEVEL = "-O";
				VALIDATE_PRODUCT = YES;
			};
			name = Release;
		};
		087A80D5298AA4DB005209E1 /* Debug */ = {
			isa = XCBuildConfiguration;
			buildSettings = {
				ASSETCATALOG_COMPILER_APPICON_NAME = AppIcon;
				ASSETCATALOG_COMPILER_GLOBAL_ACCENT_COLOR_NAME = AccentColor;
				CODE_SIGN_STYLE = Automatic;
				CURRENT_PROJECT_VERSION = 1;
				DEVELOPMENT_ASSET_PATHS = "\"TCATodos/Preview Content\"";
				DEVELOPMENT_TEAM = 5EMC6RK8V9;
				ENABLE_PREVIEWS = YES;
				GENERATE_INFOPLIST_FILE = YES;
				INFOPLIST_KEY_UIApplicationSceneManifest_Generation = YES;
				INFOPLIST_KEY_UIApplicationSupportsIndirectInputEvents = YES;
				INFOPLIST_KEY_UILaunchScreen_Generation = YES;
				INFOPLIST_KEY_UISupportedInterfaceOrientations_iPad = "UIInterfaceOrientationPortrait UIInterfaceOrientationPortraitUpsideDown UIInterfaceOrientationLandscapeLeft UIInterfaceOrientationLandscapeRight";
				INFOPLIST_KEY_UISupportedInterfaceOrientations_iPhone = "UIInterfaceOrientationPortrait UIInterfaceOrientationLandscapeLeft UIInterfaceOrientationLandscapeRight";
				LD_RUNPATH_SEARCH_PATHS = (
					"$(inherited)",
					"@executable_path/Frameworks",
				);
				MARKETING_VERSION = 1.0;
				PRODUCT_BUNDLE_IDENTIFIER = io.github.phucledien.TCATodos;
				PRODUCT_NAME = "$(TARGET_NAME)";
				SWIFT_EMIT_LOC_STRINGS = YES;
				SWIFT_VERSION = 5.0;
				TARGETED_DEVICE_FAMILY = "1,2";
			};
			name = Debug;
		};
		087A80D6298AA4DB005209E1 /* Release */ = {
			isa = XCBuildConfiguration;
			buildSettings = {
				ASSETCATALOG_COMPILER_APPICON_NAME = AppIcon;
				ASSETCATALOG_COMPILER_GLOBAL_ACCENT_COLOR_NAME = AccentColor;
				CODE_SIGN_STYLE = Automatic;
				CURRENT_PROJECT_VERSION = 1;
				DEVELOPMENT_ASSET_PATHS = "\"TCATodos/Preview Content\"";
				DEVELOPMENT_TEAM = 5EMC6RK8V9;
				ENABLE_PREVIEWS = YES;
				GENERATE_INFOPLIST_FILE = YES;
				INFOPLIST_KEY_UIApplicationSceneManifest_Generation = YES;
				INFOPLIST_KEY_UIApplicationSupportsIndirectInputEvents = YES;
				INFOPLIST_KEY_UILaunchScreen_Generation = YES;
				INFOPLIST_KEY_UISupportedInterfaceOrientations_iPad = "UIInterfaceOrientationPortrait UIInterfaceOrientationPortraitUpsideDown UIInterfaceOrientationLandscapeLeft UIInterfaceOrientationLandscapeRight";
				INFOPLIST_KEY_UISupportedInterfaceOrientations_iPhone = "UIInterfaceOrientationPortrait UIInterfaceOrientationLandscapeLeft UIInterfaceOrientationLandscapeRight";
				LD_RUNPATH_SEARCH_PATHS = (
					"$(inherited)",
					"@executable_path/Frameworks",
				);
				MARKETING_VERSION = 1.0;
				PRODUCT_BUNDLE_IDENTIFIER = io.github.phucledien.TCATodos;
				PRODUCT_NAME = "$(TARGET_NAME)";
				SWIFT_EMIT_LOC_STRINGS = YES;
				SWIFT_VERSION = 5.0;
				TARGETED_DEVICE_FAMILY = "1,2";
			};
			name = Release;
		};
		087A80E2298AA52E005209E1 /* Debug */ = {
			isa = XCBuildConfiguration;
			buildSettings = {
				BUNDLE_LOADER = "$(TEST_HOST)";
				CODE_SIGN_STYLE = Automatic;
				CURRENT_PROJECT_VERSION = 1;
				DEVELOPMENT_TEAM = 5EMC6RK8V9;
				GENERATE_INFOPLIST_FILE = YES;
				MARKETING_VERSION = 1.0;
				PRODUCT_BUNDLE_IDENTIFIER = io.github.phucledien.TCATodosTests;
				PRODUCT_NAME = "$(TARGET_NAME)";
				SWIFT_EMIT_LOC_STRINGS = NO;
				SWIFT_VERSION = 5.0;
				TARGETED_DEVICE_FAMILY = "1,2";
				TEST_HOST = "$(BUILT_PRODUCTS_DIR)/TCATodos.app/$(BUNDLE_EXECUTABLE_FOLDER_PATH)/TCATodos";
			};
			name = Debug;
		};
		087A80E3298AA52E005209E1 /* Release */ = {
			isa = XCBuildConfiguration;
			buildSettings = {
				BUNDLE_LOADER = "$(TEST_HOST)";
				CODE_SIGN_STYLE = Automatic;
				CURRENT_PROJECT_VERSION = 1;
				DEVELOPMENT_TEAM = 5EMC6RK8V9;
				GENERATE_INFOPLIST_FILE = YES;
				MARKETING_VERSION = 1.0;
				PRODUCT_BUNDLE_IDENTIFIER = io.github.phucledien.TCATodosTests;
				PRODUCT_NAME = "$(TARGET_NAME)";
				SWIFT_EMIT_LOC_STRINGS = NO;
				SWIFT_VERSION = 5.0;
				TARGETED_DEVICE_FAMILY = "1,2";
				TEST_HOST = "$(BUILT_PRODUCTS_DIR)/TCATodos.app/$(BUNDLE_EXECUTABLE_FOLDER_PATH)/TCATodos";
			};
			name = Release;
		};
/* End XCBuildConfiguration section */

/* Begin XCConfigurationList section */
		087A80C1298AA4DA005209E1 /* Build configuration list for PBXProject "TCATodos" */ = {
			isa = XCConfigurationList;
			buildConfigurations = (
				087A80D2298AA4DB005209E1 /* Debug */,
				087A80D3298AA4DB005209E1 /* Release */,
			);
			defaultConfigurationIsVisible = 0;
			defaultConfigurationName = Release;
		};
		087A80D4298AA4DB005209E1 /* Build configuration list for PBXNativeTarget "TCATodos" */ = {
			isa = XCConfigurationList;
			buildConfigurations = (
				087A80D5298AA4DB005209E1 /* Debug */,
				087A80D6298AA4DB005209E1 /* Release */,
			);
			defaultConfigurationIsVisible = 0;
			defaultConfigurationName = Release;
		};
		087A80E1298AA52E005209E1 /* Build configuration list for PBXNativeTarget "TCATodosTests" */ = {
			isa = XCConfigurationList;
			buildConfigurations = (
				087A80E2298AA52E005209E1 /* Debug */,
				087A80E3298AA52E005209E1 /* Release */,
			);
			defaultConfigurationIsVisible = 0;
			defaultConfigurationName = Release;
		};
/* End XCConfigurationList section */

/* Begin XCRemoteSwiftPackageReference section */
		087A80E4298AA60A005209E1 /* XCRemoteSwiftPackageReference "swift-composable-architecture" */ = {
			isa = XCRemoteSwiftPackageReference;
			repositoryURL = "https://github.com/pointfreeco/swift-composable-architecture";
			requirement = {
				kind = upToNextMajorVersion;
				minimumVersion = 0.9.0;
			};
		};
/* End XCRemoteSwiftPackageReference section */

/* Begin XCSwiftPackageProductDependency section */
		087A80E5298AA60A005209E1 /* ComposableArchitecture */ = {
			isa = XCSwiftPackageProductDependency;
			package = 087A80E4298AA60A005209E1 /* XCRemoteSwiftPackageReference "swift-composable-architecture" */;
			productName = ComposableArchitecture;
		};
/* End XCSwiftPackageProductDependency section */
	};
	rootObject = 087A80BE298AA4DA005209E1 /* Project object */;
}
